
Microsoft Visual Studio Solution File, Format Version 12.00
# Visual Studio Version 17
VisualStudioVersion = 17.14.36202.13 d17.14
MinimumVisualStudioVersion = 10.0.40219.1
Project("{FAE04EC0-301F-11D3-BF4B-00C04F79EFBC}") = "WpfFileUploadSimple", "WpfFileUploadSimple\WpfFileUploadSimple.csproj", "{EA2DBA69-4C15-42D7-A4C0-8283DFF9E905}"
EndProject
Global
	GlobalSection(SolutionConfigurationPlatforms) = preSolution
		Debug|Any CPU = Debug|Any CPU
		Release|Any CPU = Release|Any CPU
	EndGlobalSection
	GlobalSection(ProjectConfigurationPlatforms) = postSolution
		{EA2DBA69-4C15-42D7-A4C0-8283DFF9E905}.Debug|Any CPU.ActiveCfg = Debug|Any CPU
		{EA2DBA69-4C15-42D7-A4C0-8283DFF9E905}.Debug|Any CPU.Build.0 = Debug|Any CPU
		{EA2DBA69-4C15-42D7-A4C0-8283DFF9E905}.Release|Any CPU.ActiveCfg = Release|Any CPU
		{EA2DBA69-4C15-42D7-A4C0-8283DFF9E905}.Release|Any CPU.Build.0 = Release|Any CPU
	EndGlobalSection
	GlobalSection(SolutionProperties) = preSolution
		HideSolutionNode = FALSE
	EndGlobalSection
	GlobalSection(ExtensibilityGlobals) = postSolution
		SolutionGuid = {A8C97B47-DB3B-47DA-904A-4D7FCB46F231}
	EndGlobalSection
EndGlobal
